
Microsoft Visual Studio Solution File, Format Version 12.00
# Visual Studio Version 17
VisualStudioVersion = 17.6.33815.320
MinimumVisualStudioVersion = 10.0.40219.1
Project("{FAE04EC0-301F-11D3-BF4B-00C04F79EFBC}") = "Practical", "Practical\Practical.csproj", "{F943F06A-5D9E-49F2-9F29-9E6C8255CA08}"
EndProject
Global
	GlobalSection(SolutionConfigurationPlatforms) = preSolution
		Debug|Any CPU = Debug|Any CPU
		Release|Any CPU = Release|Any CPU
	EndGlobalSection
	GlobalSection(ProjectConfigurationPlatforms) = postSolution
		{F943F06A-5D9E-49F2-9F29-9E6C8255CA08}.Debug|Any CPU.ActiveCfg = Debug|Any CPU
		{F943F06A-5D9E-49F2-9F29-9E6C8255CA08}.Debug|Any CPU.Build.0 = Debug|Any CPU
		{F943F06A-5D9E-49F2-9F29-9E6C8255CA08}.Release|Any CPU.ActiveCfg = Release|Any CPU
		{F943F06A-5D9E-49F2-9F29-9E6C8255CA08}.Release|Any CPU.Build.0 = Release|Any CPU
	EndGlobalSection
	GlobalSection(SolutionProperties) = preSolution
		HideSolutionNode = FALSE
	EndGlobalSection
	GlobalSection(ExtensibilityGlobals) = postSolution
		SolutionGuid = {D357BD4D-AB9C-441D-879E-1E8F19B8FCA2}
	EndGlobalSection
EndGlobal
